
Microsoft Visual Studio Solution File, Format Version 12.00
# Visual Studio Version 16
VisualStudioVersion = 16.0.29230.47
MinimumVisualStudioVersion = 10.0.40219.1
Project("{9A19103F-16F7-4668-BE54-9A1E7A4F7556}") = "PVOutput.Net", "src\PVOutput.Net\PVOutput.Net.csproj", "{7FC8B929-495F-49ED-99C2-96A48AAAC325}"
EndProject
Project("{9A19103F-16F7-4668-BE54-9A1E7A4F7556}") = "PVOutput.Net.Tests", "tests\PVOutput.Net.Tests\PVOutput.Net.Tests.csproj", "{273E81BB-9AA6-455D-87E6-1D5E7600867B}"
EndProject
Project("{2150E333-8FDC-42A3-9474-1A3956D46DE8}") = "Project files", "Project files", "{0BCF7233-827B-4A45-8FB8-CDE08CB4B9AE}"
	ProjectSection(SolutionItems) = preProject
		CHANGELOG.md = CHANGELOG.md
		CODE_OF_CONDUCT.md = CODE_OF_CONDUCT.md
		codecov.yml = codecov.yml
		CONTRIBUTING.md = CONTRIBUTING.md
		LICENSE = LICENSE
		README.md = README.md
	EndProjectSection
EndProject
Project("{2150E333-8FDC-42A3-9474-1A3956D46DE8}") = "Solution Items", "Solution Items", "{73635A70-C580-4922-BB90-3EAECE2954FA}"
	ProjectSection(SolutionItems) = preProject
		.editorconfig = .editorconfig
	EndProjectSection
EndProject
Global
	GlobalSection(SolutionConfigurationPlatforms) = preSolution
		Debug|Any CPU = Debug|Any CPU
		Release|Any CPU = Release|Any CPU
	EndGlobalSection
	GlobalSection(ProjectConfigurationPlatforms) = postSolution
		{7FC8B929-495F-49ED-99C2-96A48AAAC325}.Debug|Any CPU.ActiveCfg = Debug|Any CPU
		{7FC8B929-495F-49ED-99C2-96A48AAAC325}.Debug|Any CPU.Build.0 = Debug|Any CPU
		{7FC8B929-495F-49ED-99C2-96A48AAAC325}.Release|Any CPU.ActiveCfg = Release|Any CPU
		{7FC8B929-495F-49ED-99C2-96A48AAAC325}.Release|Any CPU.Build.0 = Release|Any CPU
		{273E81BB-9AA6-455D-87E6-1D5E7600867B}.Debug|Any CPU.ActiveCfg = Debug|Any CPU
		{273E81BB-9AA6-455D-87E6-1D5E7600867B}.Debug|Any CPU.Build.0 = Debug|Any CPU
		{273E81BB-9AA6-455D-87E6-1D5E7600867B}.Release|Any CPU.ActiveCfg = Release|Any CPU
		{273E81BB-9AA6-455D-87E6-1D5E7600867B}.Release|Any CPU.Build.0 = Release|Any CPU
	EndGlobalSection
	GlobalSection(SolutionProperties) = preSolution
		HideSolutionNode = FALSE
	EndGlobalSection
	GlobalSection(ExtensibilityGlobals) = postSolution
		SolutionGuid = {D5BA9E7D-A412-498F-9BCE-A8296D3A2B5F}
	EndGlobalSection
EndGlobal
